
Microsoft Visual Studio Solution File, Format Version 12.00
# Visual Studio Version 16
VisualStudioVersion = 16.0.29123.88
MinimumVisualStudioVersion = 10.0.40219.1
Project("{FAE04EC0-301F-11D3-BF4B-00C04F79EFBC}") = "Server", "Server\Server.csproj", "{C871E13D-3949-46FC-80CC-63BD9C469290}"
	ProjectSection(ProjectDependencies) = postProject
		{8731C4CD-A472-42A0-B280-DFAC5C1B2BD1} = {8731C4CD-A472-42A0-B280-DFAC5C1B2BD1}
	EndProjectSection
EndProject
Project("{FAE04EC0-301F-11D3-BF4B-00C04F79EFBC}") = "Client", "Client\Client.csproj", "{0A7179BA-3C82-4590-BCEC-FB9B257472E4}"
	ProjectSection(ProjectDependencies) = postProject
		{8731C4CD-A472-42A0-B280-DFAC5C1B2BD1} = {8731C4CD-A472-42A0-B280-DFAC5C1B2BD1}
	EndProjectSection
EndProject
Project("{FAE04EC0-301F-11D3-BF4B-00C04F79EFBC}") = "Packets", "Packets\Packets.csproj", "{8731C4CD-A472-42A0-B280-DFAC5C1B2BD1}"
EndProject
Global
	GlobalSection(SolutionConfigurationPlatforms) = preSolution
		Debug|Any CPU = Debug|Any CPU
		Release|Any CPU = Release|Any CPU
	EndGlobalSection
	GlobalSection(ProjectConfigurationPlatforms) = postSolution
		{C871E13D-3949-46FC-80CC-63BD9C469290}.Debug|Any CPU.ActiveCfg = Debug|Any CPU
		{C871E13D-3949-46FC-80CC-63BD9C469290}.Debug|Any CPU.Build.0 = Debug|Any CPU
		{C871E13D-3949-46FC-80CC-63BD9C469290}.Release|Any CPU.ActiveCfg = Release|Any CPU
		{C871E13D-3949-46FC-80CC-63BD9C469290}.Release|Any CPU.Build.0 = Release|Any CPU
		{0A7179BA-3C82-4590-BCEC-FB9B257472E4}.Debug|Any CPU.ActiveCfg = Debug|Any CPU
		{0A7179BA-3C82-4590-BCEC-FB9B257472E4}.Debug|Any CPU.Build.0 = Debug|Any CPU
		{0A7179BA-3C82-4590-BCEC-FB9B257472E4}.Release|Any CPU.ActiveCfg = Release|Any CPU
		{0A7179BA-3C82-4590-BCEC-FB9B257472E4}.Release|Any CPU.Build.0 = Release|Any CPU
		{8731C4CD-A472-42A0-B280-DFAC5C1B2BD1}.Debug|Any CPU.ActiveCfg = Debug|Any CPU
		{8731C4CD-A472-42A0-B280-DFAC5C1B2BD1}.Debug|Any CPU.Build.0 = Debug|Any CPU
		{8731C4CD-A472-42A0-B280-DFAC5C1B2BD1}.Release|Any CPU.ActiveCfg = Release|Any CPU
		{8731C4CD-A472-42A0-B280-DFAC5C1B2BD1}.Release|Any CPU.Build.0 = Release|Any CPU
	EndGlobalSection
	GlobalSection(SolutionProperties) = preSolution
		HideSolutionNode = FALSE
	EndGlobalSection
	GlobalSection(ExtensibilityGlobals) = postSolution
		SolutionGuid = {F18FD224-457C-4EE3-BBD3-7976DBD2EF3E}
	EndGlobalSection
EndGlobal
